
Microsoft Visual Studio Solution File, Format Version 12.00
# Visual Studio Version 17
VisualStudioVersion = 17.6.33829.357
MinimumVisualStudioVersion = 10.0.40219.1
Project("{FAE04EC0-301F-11D3-BF4B-00C04F79EFBC}") = "CheckTheNameAndPassword", "CheckTheNameAndPassword\CheckTheNameAndPassword.csproj", "{C9A09639-A0B1-4F8B-B858-AC78D99E9F82}"
EndProject
Global
	GlobalSection(SolutionConfigurationPlatforms) = preSolution
		Debug|Any CPU = Debug|Any CPU
		Release|Any CPU = Release|Any CPU
	EndGlobalSection
	GlobalSection(ProjectConfigurationPlatforms) = postSolution
		{C9A09639-A0B1-4F8B-B858-AC78D99E9F82}.Debug|Any CPU.ActiveCfg = Debug|Any CPU
		{C9A09639-A0B1-4F8B-B858-AC78D99E9F82}.Debug|Any CPU.Build.0 = Debug|Any CPU
		{C9A09639-A0B1-4F8B-B858-AC78D99E9F82}.Release|Any CPU.ActiveCfg = Release|Any CPU
		{C9A09639-A0B1-4F8B-B858-AC78D99E9F82}.Release|Any CPU.Build.0 = Release|Any CPU
	EndGlobalSection
	GlobalSection(SolutionProperties) = preSolution
		HideSolutionNode = FALSE
	EndGlobalSection
	GlobalSection(ExtensibilityGlobals) = postSolution
		SolutionGuid = {A55D3289-0A94-4C6F-83C5-AA4BBB749A43}
	EndGlobalSection
EndGlobal
